// !$*UTF8*$!
{
	archiveVersion = 1;
	classes = {
	};
	objectVersion = 46;
	objects = {

/* Begin PBXBuildFile section */
		457511BA23A41C7A00E4B1AD /* UARCTModuleVersion.m in Sources */ = {isa = PBXBuildFile; fileRef = 457511B823A41C7900E4B1AD /* UARCTModuleVersion.m */; };
		6E42C7AF1EBA953100C85B3A /* UARCTAutopilot.m in Sources */ = {isa = PBXBuildFile; fileRef = 6E42C7AC1EBA953100C85B3A /* UARCTAutopilot.m */; };
		6E42C7B01EBA953100C85B3A /* UrbanAirshipReactModule.m in Sources */ = {isa = PBXBuildFile; fileRef = 6E42C7AE1EBA953100C85B3A /* UrbanAirshipReactModule.m */; };
		6E42C8551EC0DD0900C85B3A /* UARCTEventEmitter.m in Sources */ = {isa = PBXBuildFile; fileRef = 6E42C8541EC0DD0900C85B3A /* UARCTEventEmitter.m */; };
		6ED67C292318812700169F5C /* UARCTMessageView.m in Sources */ = {isa = PBXBuildFile; fileRef = 6ED67C252318812700169F5C /* UARCTMessageView.m */; };
		6ED67C2A2318812700169F5C /* UARCTMessageViewManager.m in Sources */ = {isa = PBXBuildFile; fileRef = 6ED67C282318812700169F5C /* UARCTMessageViewManager.m */; };
		6ED701FA1F6C91A400E67C37 /* UARCTDeepLinkAction.m in Sources */ = {isa = PBXBuildFile; fileRef = 6ED701F91F6C91A400E67C37 /* UARCTDeepLinkAction.m */; };
		F8A9D23B1F3CF8870087D225 /* UARCTMessageViewController.m in Sources */ = {isa = PBXBuildFile; fileRef = F8A9D23A1F3CF8870087D225 /* UARCTMessageViewController.m */; };
		F8AA2B681EEF04C0008653D8 /* UARCTMessageCenter.m in Sources */ = {isa = PBXBuildFile; fileRef = F8AA2B671EEF04C0008653D8 /* UARCTMessageCenter.m */; };
/* End PBXBuildFile section */

/* Begin PBXCopyFilesBuildPhase section */
		6E4D17C01EBA7FAA0032DED3 /* CopyFiles */ = {
			isa = PBXCopyFilesBuildPhase;
			buildActionMask = 2147483647;
			dstPath = "include/$(PRODUCT_NAME)";
			dstSubfolderSpec = 16;
			files = (
			);
			runOnlyForDeploymentPostprocessing = 0;
		};
/* End PBXCopyFilesBuildPhase section */

/* Begin PBXFileReference section */
		457511B823A41C7900E4B1AD /* UARCTModuleVersion.m */ = {isa = PBXFileReference; fileEncoding = 4; lastKnownFileType = sourcecode.c.objc; name = UARCTModuleVersion.m; path = UARCTModule/UARCTModuleVersion.m; sourceTree = "<group>"; };
		457511B923A41C7A00E4B1AD /* UARCTModuleVersion.h */ = {isa = PBXFileReference; fileEncoding = 4; lastKnownFileType = sourcecode.c.h; name = UARCTModuleVersion.h; path = UARCTModule/UARCTModuleVersion.h; sourceTree = "<group>"; };
		6E42C7AB1EBA953100C85B3A /* UARCTAutopilot.h */ = {isa = PBXFileReference; fileEncoding = 4; lastKnownFileType = sourcecode.c.h; name = UARCTAutopilot.h; path = UARCTModule/UARCTAutopilot.h; sourceTree = "<group>"; };
		6E42C7AC1EBA953100C85B3A /* UARCTAutopilot.m */ = {isa = PBXFileReference; fileEncoding = 4; lastKnownFileType = sourcecode.c.objc; name = UARCTAutopilot.m; path = UARCTModule/UARCTAutopilot.m; sourceTree = "<group>"; };
		6E42C7AD1EBA953100C85B3A /* UrbanAirshipReactModule.h */ = {isa = PBXFileReference; fileEncoding = 4; lastKnownFileType = sourcecode.c.h; name = UrbanAirshipReactModule.h; path = UARCTModule/UrbanAirshipReactModule.h; sourceTree = "<group>"; };
		6E42C7AE1EBA953100C85B3A /* UrbanAirshipReactModule.m */ = {isa = PBXFileReference; fileEncoding = 4; lastKnownFileType = sourcecode.c.objc; name = UrbanAirshipReactModule.m; path = UARCTModule/UrbanAirshipReactModule.m; sourceTree = "<group>"; };
		6E42C8531EC0DD0900C85B3A /* UARCTEventEmitter.h */ = {isa = PBXFileReference; fileEncoding = 4; lastKnownFileType = sourcecode.c.h; name = UARCTEventEmitter.h; path = UARCTModule/UARCTEventEmitter.h; sourceTree = "<group>"; };
		6E42C8541EC0DD0900C85B3A /* UARCTEventEmitter.m */ = {isa = PBXFileReference; fileEncoding = 4; lastKnownFileType = sourcecode.c.objc; name = UARCTEventEmitter.m; path = UARCTModule/UARCTEventEmitter.m; sourceTree = "<group>"; };
		6E4D17C21EBA7FAA0032DED3 /* libUARCTModule.a */ = {isa = PBXFileReference; explicitFileType = archive.ar; includeInIndex = 0; path = libUARCTModule.a; sourceTree = BUILT_PRODUCTS_DIR; };
		6ED67C252318812700169F5C /* UARCTMessageView.m */ = {isa = PBXFileReference; fileEncoding = 4; lastKnownFileType = sourcecode.c.objc; name = UARCTMessageView.m; path = UARCTModule/UARCTMessageView.m; sourceTree = "<group>"; };
		6ED67C262318812700169F5C /* UARCTMessageView.h */ = {isa = PBXFileReference; fileEncoding = 4; lastKnownFileType = sourcecode.c.h; name = UARCTMessageView.h; path = UARCTModule/UARCTMessageView.h; sourceTree = "<group>"; };
		6ED67C272318812700169F5C /* UARCTMessageViewManager.h */ = {isa = PBXFileReference; fileEncoding = 4; lastKnownFileType = sourcecode.c.h; name = UARCTMessageViewManager.h; path = UARCTModule/UARCTMessageViewManager.h; sourceTree = "<group>"; };
		6ED67C282318812700169F5C /* UARCTMessageViewManager.m */ = {isa = PBXFileReference; fileEncoding = 4; lastKnownFileType = sourcecode.c.objc; name = UARCTMessageViewManager.m; path = UARCTModule/UARCTMessageViewManager.m; sourceTree = "<group>"; };
		6ED701F81F6C91A400E67C37 /* UARCTDeepLinkAction.h */ = {isa = PBXFileReference; fileEncoding = 4; lastKnownFileType = sourcecode.c.h; name = UARCTDeepLinkAction.h; path = UARCTModule/UARCTDeepLinkAction.h; sourceTree = "<group>"; };
		6ED701F91F6C91A400E67C37 /* UARCTDeepLinkAction.m */ = {isa = PBXFileReference; fileEncoding = 4; lastKnownFileType = sourcecode.c.objc; name = UARCTDeepLinkAction.m; path = UARCTModule/UARCTDeepLinkAction.m; sourceTree = "<group>"; };
		F8A9D23A1F3CF8870087D225 /* UARCTMessageViewController.m */ = {isa = PBXFileReference; fileEncoding = 4; lastKnownFileType = sourcecode.c.objc; name = UARCTMessageViewController.m; path = UARCTModule/UARCTMessageViewController.m; sourceTree = "<group>"; };
		F8A9D23C1F3CF8B90087D225 /* UARCTMessageViewController.h */ = {isa = PBXFileReference; lastKnownFileType = sourcecode.c.h; name = UARCTMessageViewController.h; path = UARCTModule/UARCTMessageViewController.h; sourceTree = "<group>"; };
		F8AA2B661EEF04C0008653D8 /* UARCTMessageCenter.h */ = {isa = PBXFileReference; fileEncoding = 4; lastKnownFileType = sourcecode.c.h; name = UARCTMessageCenter.h; path = UARCTModule/UARCTMessageCenter.h; sourceTree = "<group>"; };
		F8AA2B671EEF04C0008653D8 /* UARCTMessageCenter.m */ = {isa = PBXFileReference; fileEncoding = 4; lastKnownFileType = sourcecode.c.objc; name = UARCTMessageCenter.m; path = UARCTModule/UARCTMessageCenter.m; sourceTree = "<group>"; };
/* End PBXFileReference section */

/* Begin PBXFrameworksBuildPhase section */
		6E4D17BF1EBA7FAA0032DED3 /* Frameworks */ = {
			isa = PBXFrameworksBuildPhase;
			buildActionMask = 2147483647;
			files = (
			);
			runOnlyForDeploymentPostprocessing = 0;
		};
/* End PBXFrameworksBuildPhase section */

/* Begin PBXGroup section */
		6E4D17341EBA7C100032DED3 /* UARCTModule */ = {
			isa = PBXGroup;
			children = (
				6ED67C262318812700169F5C /* UARCTMessageView.h */,
				6ED67C252318812700169F5C /* UARCTMessageView.m */,
				6ED67C272318812700169F5C /* UARCTMessageViewManager.h */,
				6ED67C282318812700169F5C /* UARCTMessageViewManager.m */,
				6ED701F81F6C91A400E67C37 /* UARCTDeepLinkAction.h */,
				6ED701F91F6C91A400E67C37 /* UARCTDeepLinkAction.m */,
				F8AA2B661EEF04C0008653D8 /* UARCTMessageCenter.h */,
				F8AA2B671EEF04C0008653D8 /* UARCTMessageCenter.m */,
				6E42C8531EC0DD0900C85B3A /* UARCTEventEmitter.h */,
				6E42C8541EC0DD0900C85B3A /* UARCTEventEmitter.m */,
				6E42C7AB1EBA953100C85B3A /* UARCTAutopilot.h */,
				6E42C7AC1EBA953100C85B3A /* UARCTAutopilot.m */,
				457511B923A41C7A00E4B1AD /* UARCTModuleVersion.h */,
				457511B823A41C7900E4B1AD /* UARCTModuleVersion.m */,
				6E42C7AD1EBA953100C85B3A /* UrbanAirshipReactModule.h */,
				6E42C7AE1EBA953100C85B3A /* UrbanAirshipReactModule.m */,
				F8A9D23A1F3CF8870087D225 /* UARCTMessageViewController.m */,
				F8A9D23C1F3CF8B90087D225 /* UARCTMessageViewController.h */,
			);
			name = UARCTModule;
			sourceTree = "<group>";
		};
		9350E0E81CE3B0920041D815 = {
			isa = PBXGroup;
			children = (
				6E4D17341EBA7C100032DED3 /* UARCTModule */,
				93E0043D1CE3C34B000598E3 /* Frameworks */,
				9350E0F21CE3B0920041D815 /* Products */,
			);
			sourceTree = "<group>";
		};
		9350E0F21CE3B0920041D815 /* Products */ = {
			isa = PBXGroup;
			children = (
				6E4D17C21EBA7FAA0032DED3 /* libUARCTModule.a */,
			);
			name = Products;
			sourceTree = "<group>";
		};
		93E0043D1CE3C34B000598E3 /* Frameworks */ = {
			isa = PBXGroup;
			children = (
			);
			name = Frameworks;
			sourceTree = "<group>";
		};
/* End PBXGroup section */

/* Begin PBXNativeTarget section */
		6E4D17C11EBA7FAA0032DED3 /* UARCTModule */ = {
			isa = PBXNativeTarget;
			buildConfigurationList = 6E4D17C81EBA7FAA0032DED3 /* Build configuration list for PBXNativeTarget "UARCTModule" */;
			buildPhases = (
				6E4D17BE1EBA7FAA0032DED3 /* Sources */,
				6E4D17BF1EBA7FAA0032DED3 /* Frameworks */,
				6E4D17C01EBA7FAA0032DED3 /* CopyFiles */,
			);
			buildRules = (
			);
			dependencies = (
			);
			name = UARCTModule;
			productName = UARCTPlugin;
			productReference = 6E4D17C21EBA7FAA0032DED3 /* libUARCTModule.a */;
			productType = "com.apple.product-type.library.static";
		};
/* End PBXNativeTarget section */

/* Begin PBXProject section */
		9350E0E91CE3B0920041D815 /* Project object */ = {
			isa = PBXProject;
			attributes = {
				LastUpgradeCheck = 730;
				ORGANIZATIONNAME = "Facebook,Inc";
				TargetAttributes = {
					6E4D17C11EBA7FAA0032DED3 = {
						CreatedOnToolsVersion = 8.3;
						ProvisioningStyle = Automatic;
					};
				};
			};
			buildConfigurationList = 9350E0EC1CE3B0920041D815 /* Build configuration list for PBXProject "UARCTModule" */;
			compatibilityVersion = "Xcode 3.2";
			developmentRegion = English;
			hasScannedForEncodings = 0;
			knownRegions = (
				English,
				en,
			);
			mainGroup = 9350E0E81CE3B0920041D815;
			productRefGroup = 9350E0F21CE3B0920041D815 /* Products */;
			projectDirPath = "";
			projectRoot = "";
			targets = (
				6E4D17C11EBA7FAA0032DED3 /* UARCTModule */,
			);
		};
/* End PBXProject section */

/* Begin PBXSourcesBuildPhase section */
		6E4D17BE1EBA7FAA0032DED3 /* Sources */ = {
			isa = PBXSourcesBuildPhase;
			buildActionMask = 2147483647;
			files = (
				F8A9D23B1F3CF8870087D225 /* UARCTMessageViewController.m in Sources */,
				457511BA23A41C7A00E4B1AD /* UARCTModuleVersion.m in Sources */,
				6E42C7AF1EBA953100C85B3A /* UARCTAutopilot.m in Sources */,
				6ED67C292318812700169F5C /* UARCTMessageView.m in Sources */,
				6E42C8551EC0DD0900C85B3A /* UARCTEventEmitter.m in Sources */,
				6E42C7B01EBA953100C85B3A /* UrbanAirshipReactModule.m in Sources */,
				F8AA2B681EEF04C0008653D8 /* UARCTMessageCenter.m in Sources */,
				6ED67C2A2318812700169F5C /* UARCTMessageViewManager.m in Sources */,
				6ED701FA1F6C91A400E67C37 /* UARCTDeepLinkAction.m in Sources */,
			);
			runOnlyForDeploymentPostprocessing = 0;
		};
/* End PBXSourcesBuildPhase section */

/* Begin XCBuildConfiguration section */
		6E4D17C91EBA7FAA0032DED3 /* Debug */ = {
			isa = XCBuildConfiguration;
			buildSettings = {
				CLANG_ANALYZER_NUMBER_OBJECT_CONVERSION = YES_AGGRESSIVE;
				CLANG_WARN_DOCUMENTATION_COMMENTS = YES;
				CLANG_WARN_INFINITE_RECURSION = YES;
				CLANG_WARN_SUSPICIOUS_MOVE = YES;
				HEADER_SEARCH_PATHS = (
					"$(inherited)",
					"$(SRCROOT)/../../../ios/Pods/UrbanAirship-iOS-SDK/AirshipKit/AirshipKit/common/**",
					"$(SRCROOT)/../../../ios/Pods/UrbanAirship-iOS-SDK/AirshipKit/AirshipKit/ios/**",
					"$(SRCROOT)/../sample/AirshipSample/ios/Pods/UrbanAirship-iOS-SDK/AirshipKit/AirshipKit/common/**",
					"$(SRCROOT)/../sample/AirshipSample/ios/Pods/UrbanAirship-iOS-SDK/AirshipKit/AirshipKit/ios/**",
					"$(SRCROOT)/../../AirshipSample/ios/Carthage/Build/iOS/AirshipKit.framework/**",
					"$(SRCROOT)/../sample/AirshipSample/ios/Carthage/Build/iOS/AirshipKit.framework/**",
					"$(SRCROOT)/../../../ios/Carthage/Build/iOS/AirshipKit.framework/**",
					"$(AIRSHIP_SEARCH_PATH)/AirshipKit.framework/**",
					"$(AIRSHIP_SEARCH_PATH)/**",
					"$(SRCROOT)/../../../ios/Pods/Headers/Public/React/**",
				);
				IPHONEOS_DEPLOYMENT_TARGET = 8.0;
				LIBRARY_SEARCH_PATHS = (
					"$(SRCROOT)/../../AirshipSample/ios/Pods/UrbanAirship-iOS-SDK/AirshipKit/AirshipKit/**",
					"$(SRCROOT)/../sample/AirshipSample/ios/Pods/UrbanAirship-iOS-SDK/AirshipKit/AirshipKit/**",
					"$(SRCROOT)/../../AirshipSample/ios/Carthage/Build/iOS/**",
					"$(SRCROOT)/../sample/AirshipSample/ios/Carthage/Build/iOS/**",
					"$(SRCROOT)/../../../ios/Carthage/Build/iOS/**",
					"$(AIRSHIP_SEARCH_PATH)/**",
				);
				OTHER_LDFLAGS = "-ObjC";
				PRODUCT_NAME = "$(TARGET_NAME)";
				SKIP_INSTALL = YES;
			};
			name = Debug;
		};
		6E4D17CA1EBA7FAA0032DED3 /* Release */ = {
			isa = XCBuildConfiguration;
			buildSettings = {
				CLANG_ANALYZER_NUMBER_OBJECT_CONVERSION = YES_AGGRESSIVE;
				CLANG_WARN_DOCUMENTATION_COMMENTS = YES;
				CLANG_WARN_INFINITE_RECURSION = YES;
				CLANG_WARN_SUSPICIOUS_MOVE = YES;
				HEADER_SEARCH_PATHS = (
					"$(inherited)",
					"$(SRCROOT)/../../../ios/Pods/UrbanAirship-iOS-SDK/AirshipKit/AirshipKit/common/**",
					"$(SRCROOT)/../../../ios/Pods/UrbanAirship-iOS-SDK/AirshipKit/AirshipKit/ios/**",
					"$(SRCROOT)/../sample/AirshipSample/ios/Pods/UrbanAirship-iOS-SDK/AirshipKit/AirshipKit/common/**",
					"$(SRCROOT)/../sample/AirshipSample/ios/Pods/UrbanAirship-iOS-SDK/AirshipKit/AirshipKit/ios/**",
					"$(SRCROOT)/../../AirshipSample/ios/Carthage/Build/iOS/AirshipKit.framework/**",
					"$(SRCROOT)/../sample/AirshipSample/ios/Carthage/Build/iOS/AirshipKit.framework/**",
					"$(SRCROOT)/../../../ios/Carthage/Build/iOS/AirshipKit.framework/**",
					"$(AIRSHIP_SEARCH_PATH)/AirshipKit.framework/**",
					"$(AIRSHIP_SEARCH_PATH)/**",
					"$(SRCROOT)/../../../ios/Pods/Headers/Public/React/**",
				);
				IPHONEOS_DEPLOYMENT_TARGET = 8.0;
				LIBRARY_SEARCH_PATHS = (
					"$(SRCROOT)/../../AirshipSample/ios/Pods/UrbanAirship-iOS-SDK/AirshipKit/AirshipKit/**/**",
					"$(SRCROOT)/../sample/AirshipSample/ios/Pods/UrbanAirship-iOS-SDK/AirshipKit/AirshipKit/**/**",
					"$(SRCROOT)/../../AirshipSample/ios/Carthage/Build/iOS/**",
					"$(SRCROOT)/../sample/AirshipSample/ios/Carthage/Build/iOS/**",
					"$(SRCROOT)/../../../ios/Carthage/Build/iOS/**",
					"$(AIRSHIP_SEARCH_PATH)",
				);
				OTHER_LDFLAGS = "-ObjC";
				PRODUCT_NAME = "$(TARGET_NAME)";
				SKIP_INSTALL = YES;
			};
			name = Release;
		};
		9350E0F81CE3B0920041D815 /* Debug */ = {
			isa = XCBuildConfiguration;
			buildSettings = {
				ALWAYS_SEARCH_USER_PATHS = NO;
				CLANG_ANALYZER_NONNULL = YES;
				CLANG_CXX_LANGUAGE_STANDARD = "gnu++0x";
				CLANG_CXX_LIBRARY = "libc++";
				CLANG_ENABLE_MODULES = YES;
				CLANG_ENABLE_OBJC_ARC = YES;
				CLANG_WARN_BOOL_CONVERSION = YES;
				CLANG_WARN_CONSTANT_CONVERSION = YES;
				CLANG_WARN_DIRECT_OBJC_ISA_USAGE = YES_ERROR;
				CLANG_WARN_EMPTY_BODY = YES;
				CLANG_WARN_ENUM_CONVERSION = YES;
				CLANG_WARN_INT_CONVERSION = YES;
				CLANG_WARN_OBJC_ROOT_CLASS = YES_ERROR;
				CLANG_WARN_UNREACHABLE_CODE = YES;
				CLANG_WARN__DUPLICATE_METHOD_MATCH = YES;
				"CODE_SIGN_IDENTITY[sdk=iphoneos*]" = "iPhone Developer";
				COPY_PHASE_STRIP = NO;
				DEBUG_INFORMATION_FORMAT = dwarf;
				ENABLE_STRICT_OBJC_MSGSEND = YES;
				ENABLE_TESTABILITY = YES;
				GCC_C_LANGUAGE_STANDARD = gnu99;
				GCC_DYNAMIC_NO_PIC = NO;
				GCC_NO_COMMON_BLOCKS = YES;
				GCC_OPTIMIZATION_LEVEL = 0;
				GCC_PREPROCESSOR_DEFINITIONS = (
					"DEBUG=1",
					"$(inherited)",
				);
				GCC_WARN_64_TO_32_BIT_CONVERSION = YES;
				GCC_WARN_ABOUT_RETURN_TYPE = YES_ERROR;
				GCC_WARN_UNDECLARED_SELECTOR = YES;
				GCC_WARN_UNINITIALIZED_AUTOS = YES_AGGRESSIVE;
				GCC_WARN_UNUSED_FUNCTION = YES;
				GCC_WARN_UNUSED_VARIABLE = YES;
				IPHONEOS_DEPLOYMENT_TARGET = 8.0;
				MTL_ENABLE_DEBUG_INFO = YES;
				ONLY_ACTIVE_ARCH = YES;
				SDKROOT = iphoneos;
			};
			name = Debug;
		};
		9350E0F91CE3B0920041D815 /* Release */ = {
			isa = XCBuildConfiguration;
			buildSettings = {
				ALWAYS_SEARCH_USER_PATHS = NO;
				CLANG_ANALYZER_NONNULL = YES;
				CLANG_CXX_LANGUAGE_STANDARD = "gnu++0x";
				CLANG_CXX_LIBRARY = "libc++";
				CLANG_ENABLE_MODULES = YES;
				CLANG_ENABLE_OBJC_ARC = YES;
				CLANG_WARN_BOOL_CONVERSION = YES;
				CLANG_WARN_CONSTANT_CONVERSION = YES;
				CLANG_WARN_DIRECT_OBJC_ISA_USAGE = YES_ERROR;
				CLANG_WARN_EMPTY_BODY = YES;
				CLANG_WARN_ENUM_CONVERSION = YES;
				CLANG_WARN_INT_CONVERSION = YES;
				CLANG_WARN_OBJC_ROOT_CLASS = YES_ERROR;
				CLANG_WARN_UNREACHABLE_CODE = YES;
				CLANG_WARN__DUPLICATE_METHOD_MATCH = YES;
				"CODE_SIGN_IDENTITY[sdk=iphoneos*]" = "iPhone Developer";
				COPY_PHASE_STRIP = NO;
				DEBUG_INFORMATION_FORMAT = "dwarf-with-dsym";
				ENABLE_NS_ASSERTIONS = NO;
				ENABLE_STRICT_OBJC_MSGSEND = YES;
				GCC_C_LANGUAGE_STANDARD = gnu99;
				GCC_NO_COMMON_BLOCKS = YES;
				GCC_WARN_64_TO_32_BIT_CONVERSION = YES;
				GCC_WARN_ABOUT_RETURN_TYPE = YES_ERROR;
				GCC_WARN_UNDECLARED_SELECTOR = YES;
				GCC_WARN_UNINITIALIZED_AUTOS = YES_AGGRESSIVE;
				GCC_WARN_UNUSED_FUNCTION = YES;
				GCC_WARN_UNUSED_VARIABLE = YES;
				IPHONEOS_DEPLOYMENT_TARGET = 8.0;
				MTL_ENABLE_DEBUG_INFO = NO;
				SDKROOT = iphoneos;
				VALIDATE_PRODUCT = YES;
			};
			name = Release;
		};
/* End XCBuildConfiguration section */

/* Begin XCConfigurationList section */
		6E4D17C81EBA7FAA0032DED3 /* Build configuration list for PBXNativeTarget "UARCTModule" */ = {
			isa = XCConfigurationList;
			buildConfigurations = (
				6E4D17C91EBA7FAA0032DED3 /* Debug */,
				6E4D17CA1EBA7FAA0032DED3 /* Release */,
			);
			defaultConfigurationIsVisible = 0;
			defaultConfigurationName = Release;
		};
		9350E0EC1CE3B0920041D815 /* Build configuration list for PBXProject "UARCTModule" */ = {
			isa = XCConfigurationList;
			buildConfigurations = (
				9350E0F81CE3B0920041D815 /* Debug */,
				9350E0F91CE3B0920041D815 /* Release */,
			);
			defaultConfigurationIsVisible = 0;
			defaultConfigurationName = Release;
		};
/* End XCConfigurationList section */
	};
	rootObject = 9350E0E91CE3B0920041D815 /* Project object */;
}
