PODS:
  - UrbanAirship-iOS-AppExtensions (8.4.3)
  - UrbanAirship-iOS-SDK (8.4.3)

DEPENDENCIES:
  - UrbanAirship-iOS-AppExtensions
  - UrbanAirship-iOS-SDK

SPEC CHECKSUMS:
  UrbanAirship-iOS-AppExtensions: 38379570c4096a817f3743d5ea6acd255c4509af
  UrbanAirship-iOS-SDK: 0c618245b9cf7daf3eeef2f162fc7b216ae19753

PODFILE CHECKSUM: cd9246da635585d2d62a961d86988ebc49da2dfa

COCOAPODS: 1.2.1
